
Microsoft Visual Studio Solution File, Format Version 12.00
# Visual Studio Version 17
VisualStudioVersion = 17.5.33530.505
MinimumVisualStudioVersion = 10.0.40219.1
Project("{FAE04EC0-301F-11D3-BF4B-00C04F79EFBC}") = "SmartFitExpert.Core.WebAPI", "SmartFitExpert.Core.WebAPI.csproj", "{1EE17A03-A4CB-4037-B54A-C679FFEBEE40}"
EndProject
Project("{FAE04EC0-301F-11D3-BF4B-00C04F79EFBC}") = "SmartFitExpert.Core.DAL", "..\SmartFitExpert.Core.DAL\SmartFitExpert.Core.DAL.csproj", "{8A625164-BC58-46AF-A854-B82CEE2160D2}"
EndProject
Project("{FAE04EC0-301F-11D3-BF4B-00C04F79EFBC}") = "SmartFitExpert.Core.BLL", "..\SmartFitExpert.Core.BLL\SmartFitExpert.Core.BLL.csproj", "{EBD426FF-386F-4A0A-89A3-8F4E0CFE866D}"
EndProject
Project("{FAE04EC0-301F-11D3-BF4B-00C04F79EFBC}") = "SmartFitExpert.Core.Common", "..\SmartFitExpert.Core.Common\SmartFitExpert.Core.Common.csproj", "{7B7444DF-268E-4A9F-B0F0-79D8514155B4}"
EndProject
Global
	GlobalSection(SolutionConfigurationPlatforms) = preSolution
		Debug|Any CPU = Debug|Any CPU
		Release|Any CPU = Release|Any CPU
	EndGlobalSection
	GlobalSection(ProjectConfigurationPlatforms) = postSolution
		{1EE17A03-A4CB-4037-B54A-C679FFEBEE40}.Debug|Any CPU.ActiveCfg = Debug|Any CPU
		{1EE17A03-A4CB-4037-B54A-C679FFEBEE40}.Debug|Any CPU.Build.0 = Debug|Any CPU
		{1EE17A03-A4CB-4037-B54A-C679FFEBEE40}.Release|Any CPU.ActiveCfg = Release|Any CPU
		{1EE17A03-A4CB-4037-B54A-C679FFEBEE40}.Release|Any CPU.Build.0 = Release|Any CPU
		{8A625164-BC58-46AF-A854-B82CEE2160D2}.Debug|Any CPU.ActiveCfg = Debug|Any CPU
		{8A625164-BC58-46AF-A854-B82CEE2160D2}.Debug|Any CPU.Build.0 = Debug|Any CPU
		{8A625164-BC58-46AF-A854-B82CEE2160D2}.Release|Any CPU.ActiveCfg = Release|Any CPU
		{8A625164-BC58-46AF-A854-B82CEE2160D2}.Release|Any CPU.Build.0 = Release|Any CPU
		{EBD426FF-386F-4A0A-89A3-8F4E0CFE866D}.Debug|Any CPU.ActiveCfg = Debug|Any CPU
		{EBD426FF-386F-4A0A-89A3-8F4E0CFE866D}.Debug|Any CPU.Build.0 = Debug|Any CPU
		{EBD426FF-386F-4A0A-89A3-8F4E0CFE866D}.Release|Any CPU.ActiveCfg = Release|Any CPU
		{EBD426FF-386F-4A0A-89A3-8F4E0CFE866D}.Release|Any CPU.Build.0 = Release|Any CPU
		{7B7444DF-268E-4A9F-B0F0-79D8514155B4}.Debug|Any CPU.ActiveCfg = Debug|Any CPU
		{7B7444DF-268E-4A9F-B0F0-79D8514155B4}.Debug|Any CPU.Build.0 = Debug|Any CPU
		{7B7444DF-268E-4A9F-B0F0-79D8514155B4}.Release|Any CPU.ActiveCfg = Release|Any CPU
		{7B7444DF-268E-4A9F-B0F0-79D8514155B4}.Release|Any CPU.Build.0 = Release|Any CPU
	EndGlobalSection
	GlobalSection(SolutionProperties) = preSolution
		HideSolutionNode = FALSE
	EndGlobalSection
	GlobalSection(ExtensibilityGlobals) = postSolution
		SolutionGuid = {CD86FD82-3A02-4D63-B510-E1DF514427D1}
	EndGlobalSection
EndGlobal
